// !$*UTF8*$!
{
	archiveVersion = 1;
	classes = {
	};
	objectVersion = 46;
	objects = {

/* Begin PBXBuildFile section */
		1498D2341E8E89220040F4C2 /* GeneratedPluginRegistrant.m in Sources */ = {isa = PBXBuildFile; fileRef = 1498D2331E8E89220040F4C2 /* GeneratedPluginRegistrant.m */; };
		3B3967161E833CAA004F5970 /* AppFrameworkInfo.plist in Resources */ = {isa = PBXBuildFile; fileRef = 3B3967151E833CAA004F5970 /* AppFrameworkInfo.plist */; };
		3B80C3941E831B6300D905FE /* App.framework in Frameworks */ = {isa = PBXBuildFile; fileRef = 3B80C3931E831B6300D905FE /* App.framework */; settings = {ATTRIBUTES = (Weak, ); }; };
		3B80C3951E831B6300D905FE /* App.framework in Embed Frameworks */ = {isa = PBXBuildFile; fileRef = 3B80C3931E831B6300D905FE /* App.framework */; settings = {ATTRIBUTES = (CodeSignOnCopy, RemoveHeadersOnCopy, ); }; };
		5C5572EF240C21D8006266DA /* FMDB in Copy Files */ = {isa = PBXBuildFile; fileRef = 5C5572EE240C21D8006266DA /* FMDB */; settings = {ATTRIBUTES = (CodeSignOnCopy, ); }; };
		74858FAF1ED2DC5600515810 /* AppDelegate.swift in Sources */ = {isa = PBXBuildFile; fileRef = 74858FAE1ED2DC5600515810 /* AppDelegate.swift */; };
		9705A1C61CF904A100538489 /* Flutter.framework in Frameworks */ = {isa = PBXBuildFile; fileRef = 9740EEBA1CF902C7004384FC /* Flutter.framework */; settings = {ATTRIBUTES = (Weak, ); }; };
		9705A1C71CF904A300538489 /* Flutter.framework in Embed Frameworks */ = {isa = PBXBuildFile; fileRef = 9740EEBA1CF902C7004384FC /* Flutter.framework */; settings = {ATTRIBUTES = (CodeSignOnCopy, RemoveHeadersOnCopy, ); }; };
		97C146FC1CF9000F007C117D /* Main.storyboard in Resources */ = {isa = PBXBuildFile; fileRef = 97C146FA1CF9000F007C117D /* Main.storyboard */; };
		97C146FE1CF9000F007C117D /* Assets.xcassets in Resources */ = {isa = PBXBuildFile; fileRef = 97C146FD1CF9000F007C117D /* Assets.xcassets */; };
		97C147011CF9000F007C117D /* LaunchScreen.storyboard in Resources */ = {isa = PBXBuildFile; fileRef = 97C146FF1CF9000F007C117D /* LaunchScreen.storyboard */; };
		996A8A18ACD404E7D6A798C0 /* Pods_Runner.framework in Frameworks */ = {isa = PBXBuildFile; fileRef = 40B9644A78EF2FCE78821788 /* Pods_Runner.framework */; settings = {ATTRIBUTES = (Weak, ); }; };
/* End PBXBuildFile section */

/* Begin PBXContainerItemProxy section */
		5C4B3958240AD3D1004802B8 /* PBXContainerItemProxy */ = {
			isa = PBXContainerItemProxy;
			containerPortal = 5C4B3906240AD3D1004802B8 /* Pods.xcodeproj */;
			proxyType = 2;
			remoteGlobalIDString = A3A80BA70CFB7F75C5391BEBBBA8C9DA;
			remoteInfo = FMDB;
		};
		5C4B395A240AD3D1004802B8 /* PBXContainerItemProxy */ = {
			isa = PBXContainerItemProxy;
			containerPortal = 5C4B3906240AD3D1004802B8 /* Pods.xcodeproj */;
			proxyType = 2;
			remoteGlobalIDString = DAE35F9EEF7110C6DC7645F4C250E0F5;
			remoteInfo = path_provider;
		};
		5C4B395C240AD3D1004802B8 /* PBXContainerItemProxy */ = {
			isa = PBXContainerItemProxy;
			containerPortal = 5C4B3906240AD3D1004802B8 /* Pods.xcodeproj */;
			proxyType = 2;
			remoteGlobalIDString = 669E8F25E1897672BDB80B7EB784DA24;
			remoteInfo = "Pods-Runner";
		};
		5C4B395E240AD3D1004802B8 /* PBXContainerItemProxy */ = {
			isa = PBXContainerItemProxy;
			containerPortal = 5C4B3906240AD3D1004802B8 /* Pods.xcodeproj */;
			proxyType = 2;
			remoteGlobalIDString = D2E9151FF178A177C7E4A82248E431AB;
			remoteInfo = shared_preferences;
		};
		5C4B3960240AD3D1004802B8 /* PBXContainerItemProxy */ = {
			isa = PBXContainerItemProxy;
			containerPortal = 5C4B3906240AD3D1004802B8 /* Pods.xcodeproj */;
			proxyType = 2;
			remoteGlobalIDString = B799BFFEC5B11F90F501202080A57F37;
			remoteInfo = sqflite;
		};
/* End PBXContainerItemProxy section */

/* Begin PBXCopyFilesBuildPhase section */
		5C5572ED240C2157006266DA /* Copy Files */ = {
			isa = PBXCopyFilesBuildPhase;
			buildActionMask = 2147483647;
			dstPath = "";
			dstSubfolderSpec = 10;
			files = (
				5C5572EF240C21D8006266DA /* FMDB in Copy Files */,
			);
			name = "Copy Files";
			runOnlyForDeploymentPostprocessing = 0;
		};
		9705A1C41CF9048500538489 /* Embed Frameworks */ = {
			isa = PBXCopyFilesBuildPhase;
			buildActionMask = 2147483647;
			dstPath = "";
			dstSubfolderSpec = 10;
			files = (
				3B80C3951E831B6300D905FE /* App.framework in Embed Frameworks */,
				9705A1C71CF904A300538489 /* Flutter.framework in Embed Frameworks */,
			);
			name = "Embed Frameworks";
			runOnlyForDeploymentPostprocessing = 0;
		};
/* End PBXCopyFilesBuildPhase section */

/* Begin PBXFileReference section */
		00DCB1AA306B0171060F8C71 /* Pods-Runner.profile.xcconfig */ = {isa = PBXFileReference; includeInIndex = 1; lastKnownFileType = text.xcconfig; name = "Pods-Runner.profile.xcconfig"; path = "Target Support Files/Pods-Runner/Pods-Runner.profile.xcconfig"; sourceTree = "<group>"; };
		1498D2321E8E86230040F4C2 /* GeneratedPluginRegistrant.h */ = {isa = PBXFileReference; lastKnownFileType = sourcecode.c.h; path = GeneratedPluginRegistrant.h; sourceTree = "<group>"; };
		1498D2331E8E89220040F4C2 /* GeneratedPluginRegistrant.m */ = {isa = PBXFileReference; fileEncoding = 4; lastKnownFileType = sourcecode.c.objc; path = GeneratedPluginRegistrant.m; sourceTree = "<group>"; };
		3B3967151E833CAA004F5970 /* AppFrameworkInfo.plist */ = {isa = PBXFileReference; fileEncoding = 4; lastKnownFileType = text.plist.xml; name = AppFrameworkInfo.plist; path = Flutter/AppFrameworkInfo.plist; sourceTree = "<group>"; };
		3B80C3931E831B6300D905FE /* App.framework */ = {isa = PBXFileReference; lastKnownFileType = wrapper.framework; name = App.framework; path = Flutter/App.framework; sourceTree = "<group>"; };
		40B9644A78EF2FCE78821788 /* Pods_Runner.framework */ = {isa = PBXFileReference; explicitFileType = wrapper.framework; includeInIndex = 0; path = Pods_Runner.framework; sourceTree = BUILT_PRODUCTS_DIR; };
		41559952BD62AA45A3A3A28E /* Pods-Runner.debug.xcconfig */ = {isa = PBXFileReference; includeInIndex = 1; lastKnownFileType = text.xcconfig; name = "Pods-Runner.debug.xcconfig"; path = "Target Support Files/Pods-Runner/Pods-Runner.debug.xcconfig"; sourceTree = "<group>"; };
		5C4B3903240AD3BA004802B8 /* Pods */ = {isa = PBXFileReference; lastKnownFileType = folder; path = Pods; sourceTree = "<group>"; };
		5C4B3906240AD3D1004802B8 /* Pods.xcodeproj */ = {isa = PBXFileReference; lastKnownFileType = "wrapper.pb-project"; path = Pods.xcodeproj; sourceTree = "<group>"; };
		5C4B390B240AD3D1004802B8 /* path_provider.xcconfig */ = {isa = PBXFileReference; lastKnownFileType = text.xcconfig; path = path_provider.xcconfig; sourceTree = "<group>"; };
		5C4B390C240AD3D1004802B8 /* path_provider-dummy.m */ = {isa = PBXFileReference; lastKnownFileType = sourcecode.c.objc; path = "path_provider-dummy.m"; sourceTree = "<group>"; };
		5C4B390D240AD3D1004802B8 /* path_provider-Info.plist */ = {isa = PBXFileReference; lastKnownFileType = text.plist.xml; path = "path_provider-Info.plist"; sourceTree = "<group>"; };
		5C4B390E240AD3D1004802B8 /* path_provider-umbrella.h */ = {isa = PBXFileReference; lastKnownFileType = sourcecode.c.h; path = "path_provider-umbrella.h"; sourceTree = "<group>"; };
		5C4B390F240AD3D1004802B8 /* path_provider.modulemap */ = {isa = PBXFileReference; lastKnownFileType = "sourcecode.module-map"; path = path_provider.modulemap; sourceTree = "<group>"; };
		5C4B3910240AD3D1004802B8 /* path_provider-prefix.pch */ = {isa = PBXFileReference; lastKnownFileType = sourcecode.c.h; path = "path_provider-prefix.pch"; sourceTree = "<group>"; };
		5C4B3912240AD3D1004802B8 /* Flutter.xcconfig */ = {isa = PBXFileReference; lastKnownFileType = text.xcconfig; path = Flutter.xcconfig; sourceTree = "<group>"; };
		5C4B3914240AD3D1004802B8 /* sqflite-umbrella.h */ = {isa = PBXFileReference; lastKnownFileType = sourcecode.c.h; path = "sqflite-umbrella.h"; sourceTree = "<group>"; };
		5C4B3915240AD3D1004802B8 /* sqflite-prefix.pch */ = {isa = PBXFileReference; lastKnownFileType = sourcecode.c.h; path = "sqflite-prefix.pch"; sourceTree = "<group>"; };
		5C4B3916240AD3D1004802B8 /* sqflite.modulemap */ = {isa = PBXFileReference; lastKnownFileType = "sourcecode.module-map"; path = sqflite.modulemap; sourceTree = "<group>"; };
		5C4B3917240AD3D1004802B8 /* sqflite-dummy.m */ = {isa = PBXFileReference; lastKnownFileType = sourcecode.c.objc; path = "sqflite-dummy.m"; sourceTree = "<group>"; };
		5C4B3918240AD3D1004802B8 /* sqflite.xcconfig */ = {isa = PBXFileReference; lastKnownFileType = text.xcconfig; path = sqflite.xcconfig; sourceTree = "<group>"; };
		5C4B3919240AD3D1004802B8 /* sqflite-Info.plist */ = {isa = PBXFileReference; lastKnownFileType = text.plist.xml; path = "sqflite-Info.plist"; sourceTree = "<group>"; };
		5C4B391B240AD3D1004802B8 /* Pods-Runner-acknowledgements.plist */ = {isa = PBXFileReference; lastKnownFileType = text.plist.xml; path = "Pods-Runner-acknowledgements.plist"; sourceTree = "<group>"; };
		5C4B391C240AD3D1004802B8 /* Pods-Runner-Info.plist */ = {isa = PBXFileReference; lastKnownFileType = text.plist.xml; path = "Pods-Runner-Info.plist"; sourceTree = "<group>"; };
		5C4B391D240AD3D1004802B8 /* Pods-Runner.release.xcconfig */ = {isa = PBXFileReference; lastKnownFileType = text.xcconfig; path = "Pods-Runner.release.xcconfig"; sourceTree = "<group>"; };
		5C4B391E240AD3D1004802B8 /* Pods-Runner-acknowledgements.markdown */ = {isa = PBXFileReference; lastKnownFileType = net.daringfireball.markdown; path = "Pods-Runner-acknowledgements.markdown"; sourceTree = "<group>"; };
		5C4B391F240AD3D1004802B8 /* Pods-Runner-umbrella.h */ = {isa = PBXFileReference; lastKnownFileType = sourcecode.c.h; path = "Pods-Runner-umbrella.h"; sourceTree = "<group>"; };
		5C4B3920240AD3D1004802B8 /* Pods-Runner.modulemap */ = {isa = PBXFileReference; lastKnownFileType = "sourcecode.module-map"; path = "Pods-Runner.modulemap"; sourceTree = "<group>"; };
		5C4B3921240AD3D1004802B8 /* Pods-Runner-frameworks.sh */ = {isa = PBXFileReference; lastKnownFileType = text.script.sh; path = "Pods-Runner-frameworks.sh"; sourceTree = "<group>"; };
		5C4B3922240AD3D1004802B8 /* Pods-Runner.profile.xcconfig */ = {isa = PBXFileReference; lastKnownFileType = text.xcconfig; path = "Pods-Runner.profile.xcconfig"; sourceTree = "<group>"; };
		5C4B3923240AD3D1004802B8 /* Pods-Runner-dummy.m */ = {isa = PBXFileReference; lastKnownFileType = sourcecode.c.objc; path = "Pods-Runner-dummy.m"; sourceTree = "<group>"; };
		5C4B3924240AD3D1004802B8 /* Pods-Runner.debug.xcconfig */ = {isa = PBXFileReference; lastKnownFileType = text.xcconfig; path = "Pods-Runner.debug.xcconfig"; sourceTree = "<group>"; };
		5C4B3926240AD3D1004802B8 /* FMDB.xcconfig */ = {isa = PBXFileReference; lastKnownFileType = text.xcconfig; path = FMDB.xcconfig; sourceTree = "<group>"; };
		5C4B3927240AD3D1004802B8 /* FMDB-umbrella.h */ = {isa = PBXFileReference; lastKnownFileType = sourcecode.c.h; path = "FMDB-umbrella.h"; sourceTree = "<group>"; };
		5C4B3928240AD3D1004802B8 /* FMDB-prefix.pch */ = {isa = PBXFileReference; lastKnownFileType = sourcecode.c.h; path = "FMDB-prefix.pch"; sourceTree = "<group>"; };
		5C4B3929240AD3D1004802B8 /* FMDB.modulemap */ = {isa = PBXFileReference; lastKnownFileType = "sourcecode.module-map"; path = FMDB.modulemap; sourceTree = "<group>"; };
		5C4B392A240AD3D1004802B8 /* FMDB-dummy.m */ = {isa = PBXFileReference; lastKnownFileType = sourcecode.c.objc; path = "FMDB-dummy.m"; sourceTree = "<group>"; };
		5C4B392B240AD3D1004802B8 /* FMDB-Info.plist */ = {isa = PBXFileReference; lastKnownFileType = text.plist.xml; path = "FMDB-Info.plist"; sourceTree = "<group>"; };
		5C4B392D240AD3D1004802B8 /* shared_preferences_macos.xcconfig */ = {isa = PBXFileReference; lastKnownFileType = text.xcconfig; path = shared_preferences_macos.xcconfig; sourceTree = "<group>"; };
		5C4B392F240AD3D1004802B8 /* shared_preferences-Info.plist */ = {isa = PBXFileReference; lastKnownFileType = text.plist.xml; path = "shared_preferences-Info.plist"; sourceTree = "<group>"; };
		5C4B3930240AD3D1004802B8 /* shared_preferences-dummy.m */ = {isa = PBXFileReference; lastKnownFileType = sourcecode.c.objc; path = "shared_preferences-dummy.m"; sourceTree = "<group>"; };
		5C4B3931240AD3D1004802B8 /* shared_preferences.xcconfig */ = {isa = PBXFileReference; lastKnownFileType = text.xcconfig; path = shared_preferences.xcconfig; sourceTree = "<group>"; };
		5C4B3932240AD3D1004802B8 /* shared_preferences-prefix.pch */ = {isa = PBXFileReference; lastKnownFileType = sourcecode.c.h; path = "shared_preferences-prefix.pch"; sourceTree = "<group>"; };
		5C4B3933240AD3D1004802B8 /* shared_preferences.modulemap */ = {isa = PBXFileReference; lastKnownFileType = "sourcecode.module-map"; path = shared_preferences.modulemap; sourceTree = "<group>"; };
		5C4B3934240AD3D1004802B8 /* shared_preferences-umbrella.h */ = {isa = PBXFileReference; lastKnownFileType = sourcecode.c.h; path = "shared_preferences-umbrella.h"; sourceTree = "<group>"; };
		5C4B3936240AD3D1004802B8 /* shared_preferences_web.xcconfig */ = {isa = PBXFileReference; lastKnownFileType = text.xcconfig; path = shared_preferences_web.xcconfig; sourceTree = "<group>"; };
		5C4B3937240AD3D1004802B8 /* Manifest.lock */ = {isa = PBXFileReference; lastKnownFileType = text; path = Manifest.lock; sourceTree = "<group>"; };
		5C4B3939240AD3D1004802B8 /* shared_preferences_web.podspec.json */ = {isa = PBXFileReference; lastKnownFileType = text.json; path = shared_preferences_web.podspec.json; sourceTree = "<group>"; };
		5C4B393A240AD3D1004802B8 /* path_provider.podspec.json */ = {isa = PBXFileReference; lastKnownFileType = text.json; path = path_provider.podspec.json; sourceTree = "<group>"; };
		5C4B393B240AD3D1004802B8 /* shared_preferences_macos.podspec.json */ = {isa = PBXFileReference; lastKnownFileType = text.json; path = shared_preferences_macos.podspec.json; sourceTree = "<group>"; };
		5C4B393C240AD3D1004802B8 /* sqflite.podspec.json */ = {isa = PBXFileReference; lastKnownFileType = text.json; path = sqflite.podspec.json; sourceTree = "<group>"; };
		5C4B393D240AD3D1004802B8 /* shared_preferences.podspec.json */ = {isa = PBXFileReference; lastKnownFileType = text.json; path = shared_preferences.podspec.json; sourceTree = "<group>"; };
		5C4B393E240AD3D1004802B8 /* Flutter.podspec.json */ = {isa = PBXFileReference; lastKnownFileType = text.json; path = Flutter.podspec.json; sourceTree = "<group>"; };
		5C4B3941240AD3D1004802B8 /* README.markdown */ = {isa = PBXFileReference; lastKnownFileType = net.daringfireball.markdown; path = README.markdown; sourceTree = "<group>"; };
		5C4B3942240AD3D1004802B8 /* LICENSE.txt */ = {isa = PBXFileReference; lastKnownFileType = text; path = LICENSE.txt; sourceTree = "<group>"; };
		5C4B3945240AD3D1004802B8 /* FMDatabase.h */ = {isa = PBXFileReference; lastKnownFileType = sourcecode.c.h; path = FMDatabase.h; sourceTree = "<group>"; };
		5C4B3946240AD3D1004802B8 /* FMDatabaseQueue.m */ = {isa = PBXFileReference; lastKnownFileType = sourcecode.c.objc; path = FMDatabaseQueue.m; sourceTree = "<group>"; };
		5C4B3947240AD3D1004802B8 /* FMResultSet.h */ = {isa = PBXFileReference; lastKnownFileType = sourcecode.c.h; path = FMResultSet.h; sourceTree = "<group>"; };
		5C4B3948240AD3D1004802B8 /* FMDatabasePool.h */ = {isa = PBXFileReference; lastKnownFileType = sourcecode.c.h; path = FMDatabasePool.h; sourceTree = "<group>"; };
		5C4B3949240AD3D1004802B8 /* FMDatabaseAdditions.m */ = {isa = PBXFileReference; lastKnownFileType = sourcecode.c.objc; path = FMDatabaseAdditions.m; sourceTree = "<group>"; };
		5C4B394A240AD3D1004802B8 /* FMDatabase.m */ = {isa = PBXFileReference; lastKnownFileType = sourcecode.c.objc; path = FMDatabase.m; sourceTree = "<group>"; };
		5C4B394B240AD3D1004802B8 /* FMDatabaseQueue.h */ = {isa = PBXFileReference; lastKnownFileType = sourcecode.c.h; path = FMDatabaseQueue.h; sourceTree = "<group>"; };
		5C4B394C240AD3D1004802B8 /* FMDB.h */ = {isa = PBXFileReference; lastKnownFileType = sourcecode.c.h; path = FMDB.h; sourceTree = "<group>"; };
		5C4B394D240AD3D1004802B8 /* FMDatabaseAdditions.h */ = {isa = PBXFileReference; lastKnownFileType = sourcecode.c.h; path = FMDatabaseAdditions.h; sourceTree = "<group>"; };
		5C4B394E240AD3D1004802B8 /* FMDatabasePool.m */ = {isa = PBXFileReference; lastKnownFileType = sourcecode.c.objc; path = FMDatabasePool.m; sourceTree = "<group>"; };
		5C4B394F240AD3D1004802B8 /* FMResultSet.m */ = {isa = PBXFileReference; lastKnownFileType = sourcecode.c.objc; path = FMResultSet.m; sourceTree = "<group>"; };
		5C4B3962240AD3DB004802B8 /* Pods */ = {isa = PBXFileReference; lastKnownFileType = folder; path = Pods; sourceTree = "<group>"; };
		5C5572EE240C21D8006266DA /* FMDB */ = {isa = PBXFileReference; lastKnownFileType = folder; name = FMDB; path = Pods/FMDB; sourceTree = "<group>"; };
		5C87517C240BFB0D005FC6CB /* Pods */ = {isa = PBXFileReference; lastKnownFileType = folder; path = Pods; sourceTree = "<group>"; };
		74858FAD1ED2DC5600515810 /* Runner-Bridging-Header.h */ = {isa = PBXFileReference; lastKnownFileType = sourcecode.c.h; path = "Runner-Bridging-Header.h"; sourceTree = "<group>"; };
		74858FAE1ED2DC5600515810 /* AppDelegate.swift */ = {isa = PBXFileReference; fileEncoding = 4; lastKnownFileType = sourcecode.swift; path = AppDelegate.swift; sourceTree = "<group>"; };
		7AFA3C8E1D35360C0083082E /* Release.xcconfig */ = {isa = PBXFileReference; lastKnownFileType = text.xcconfig; name = Release.xcconfig; path = Flutter/Release.xcconfig; sourceTree = "<group>"; };
		9740EEB21CF90195004384FC /* Debug.xcconfig */ = {isa = PBXFileReference; fileEncoding = 4; lastKnownFileType = text.xcconfig; name = Debug.xcconfig; path = Flutter/Debug.xcconfig; sourceTree = "<group>"; };
		9740EEB31CF90195004384FC /* Generated.xcconfig */ = {isa = PBXFileReference; fileEncoding = 4; lastKnownFileType = text.xcconfig; name = Generated.xcconfig; path = Flutter/Generated.xcconfig; sourceTree = "<group>"; };
		9740EEBA1CF902C7004384FC /* Flutter.framework */ = {isa = PBXFileReference; lastKnownFileType = wrapper.framework; name = Flutter.framework; path = Flutter/Flutter.framework; sourceTree = "<group>"; };
		97C146EE1CF9000F007C117D /* Runner.app */ = {isa = PBXFileReference; explicitFileType = wrapper.application; includeInIndex = 0; path = Runner.app; sourceTree = BUILT_PRODUCTS_DIR; };
		97C146FB1CF9000F007C117D /* Base */ = {isa = PBXFileReference; lastKnownFileType = file.storyboard; name = Base; path = Base.lproj/Main.storyboard; sourceTree = "<group>"; };
		97C146FD1CF9000F007C117D /* Assets.xcassets */ = {isa = PBXFileReference; lastKnownFileType = folder.assetcatalog; path = Assets.xcassets; sourceTree = "<group>"; };
		97C147001CF9000F007C117D /* Base */ = {isa = PBXFileReference; lastKnownFileType = file.storyboard; name = Base; path = Base.lproj/LaunchScreen.storyboard; sourceTree = "<group>"; };
		97C147021CF9000F007C117D /* Info.plist */ = {isa = PBXFileReference; lastKnownFileType = text.plist.xml; path = Info.plist; sourceTree = "<group>"; };
		DFE464320E4C12F250F1D53E /* Pods-Runner.release.xcconfig */ = {isa = PBXFileReference; includeInIndex = 1; lastKnownFileType = text.xcconfig; name = "Pods-Runner.release.xcconfig"; path = "Target Support Files/Pods-Runner/Pods-Runner.release.xcconfig"; sourceTree = "<group>"; };
/* End PBXFileReference section */

/* Begin PBXFrameworksBuildPhase section */
		97C146EB1CF9000F007C117D /* Frameworks */ = {
			isa = PBXFrameworksBuildPhase;
			buildActionMask = 2147483647;
			files = (
				9705A1C61CF904A100538489 /* Flutter.framework in Frameworks */,
				3B80C3941E831B6300D905FE /* App.framework in Frameworks */,
				996A8A18ACD404E7D6A798C0 /* Pods_Runner.framework in Frameworks */,
			);
			runOnlyForDeploymentPostprocessing = 0;
		};
/* End PBXFrameworksBuildPhase section */

/* Begin PBXGroup section */
		5C4B3905240AD3D1004802B8 /* Pods */ = {
			isa = PBXGroup;
			children = (
				5C4B3906240AD3D1004802B8 /* Pods.xcodeproj */,
				5C4B3909240AD3D1004802B8 /* Target Support Files */,
				5C4B3937240AD3D1004802B8 /* Manifest.lock */,
				5C4B3938240AD3D1004802B8 /* Local Podspecs */,
				5C4B393F240AD3D1004802B8 /* Headers */,
				5C4B3940240AD3D1004802B8 /* FMDB */,
			);
			path = Pods;
			sourceTree = "<group>";
		};
		5C4B3907240AD3D1004802B8 /* Products */ = {
			isa = PBXGroup;
			children = (
				5C4B3959240AD3D1004802B8 /* FMDB.framework */,
				5C4B395B240AD3D1004802B8 /* path_provider.framework */,
				5C4B395D240AD3D1004802B8 /* Pods_Runner.framework */,
				5C4B395F240AD3D1004802B8 /* shared_preferences.framework */,
				5C4B3961240AD3D1004802B8 /* sqflite.framework */,
			);
			name = Products;
			sourceTree = "<group>";
		};
		5C4B3909240AD3D1004802B8 /* Target Support Files */ = {
			isa = PBXGroup;
			children = (
				5C4B390A240AD3D1004802B8 /* path_provider */,
				5C4B3911240AD3D1004802B8 /* Flutter */,
				5C4B3913240AD3D1004802B8 /* sqflite */,
				5C4B391A240AD3D1004802B8 /* Pods-Runner */,
				5C4B3925240AD3D1004802B8 /* FMDB */,
				5C4B392C240AD3D1004802B8 /* shared_preferences_macos */,
				5C4B392E240AD3D1004802B8 /* shared_preferences */,
				5C4B3935240AD3D1004802B8 /* shared_preferences_web */,
			);
			path = "Target Support Files";
			sourceTree = "<group>";
		};
		5C4B390A240AD3D1004802B8 /* path_provider */ = {
			isa = PBXGroup;
			children = (
				5C4B390B240AD3D1004802B8 /* path_provider.xcconfig */,
				5C4B390C240AD3D1004802B8 /* path_provider-dummy.m */,
				5C4B390D240AD3D1004802B8 /* path_provider-Info.plist */,
				5C4B390E240AD3D1004802B8 /* path_provider-umbrella.h */,
				5C4B390F240AD3D1004802B8 /* path_provider.modulemap */,
				5C4B3910240AD3D1004802B8 /* path_provider-prefix.pch */,
			);
			path = path_provider;
			sourceTree = "<group>";
		};
		5C4B3911240AD3D1004802B8 /* Flutter */ = {
			isa = PBXGroup;
			children = (
				5C4B3912240AD3D1004802B8 /* Flutter.xcconfig */,
			);
			path = Flutter;
			sourceTree = "<group>";
		};
		5C4B3913240AD3D1004802B8 /* sqflite */ = {
			isa = PBXGroup;
			children = (
				5C4B3914240AD3D1004802B8 /* sqflite-umbrella.h */,
				5C4B3915240AD3D1004802B8 /* sqflite-prefix.pch */,
				5C4B3916240AD3D1004802B8 /* sqflite.modulemap */,
				5C4B3917240AD3D1004802B8 /* sqflite-dummy.m */,
				5C4B3918240AD3D1004802B8 /* sqflite.xcconfig */,
				5C4B3919240AD3D1004802B8 /* sqflite-Info.plist */,
			);
			path = sqflite;
			sourceTree = "<group>";
		};
		5C4B391A240AD3D1004802B8 /* Pods-Runner */ = {
			isa = PBXGroup;
			children = (
				5C4B391B240AD3D1004802B8 /* Pods-Runner-acknowledgements.plist */,
				5C4B391C240AD3D1004802B8 /* Pods-Runner-Info.plist */,
				5C4B391D240AD3D1004802B8 /* Pods-Runner.release.xcconfig */,
				5C4B391E240AD3D1004802B8 /* Pods-Runner-acknowledgements.markdown */,
				5C4B391F240AD3D1004802B8 /* Pods-Runner-umbrella.h */,
				5C4B3920240AD3D1004802B8 /* Pods-Runner.modulemap */,
				5C4B3921240AD3D1004802B8 /* Pods-Runner-frameworks.sh */,
				5C4B3922240AD3D1004802B8 /* Pods-Runner.profile.xcconfig */,
				5C4B3923240AD3D1004802B8 /* Pods-Runner-dummy.m */,
				5C4B3924240AD3D1004802B8 /* Pods-Runner.debug.xcconfig */,
			);
			path = "Pods-Runner";
			sourceTree = "<group>";
		};
		5C4B3925240AD3D1004802B8 /* FMDB */ = {
			isa = PBXGroup;
			children = (
				5C4B3926240AD3D1004802B8 /* FMDB.xcconfig */,
				5C4B3927240AD3D1004802B8 /* FMDB-umbrella.h */,
				5C4B3928240AD3D1004802B8 /* FMDB-prefix.pch */,
				5C4B3929240AD3D1004802B8 /* FMDB.modulemap */,
				5C4B392A240AD3D1004802B8 /* FMDB-dummy.m */,
				5C4B392B240AD3D1004802B8 /* FMDB-Info.plist */,
			);
			path = FMDB;
			sourceTree = "<group>";
		};
		5C4B392C240AD3D1004802B8 /* shared_preferences_macos */ = {
			isa = PBXGroup;
			children = (
				5C4B392D240AD3D1004802B8 /* shared_preferences_macos.xcconfig */,
			);
			path = shared_preferences_macos;
			sourceTree = "<group>";
		};
		5C4B392E240AD3D1004802B8 /* shared_preferences */ = {
			isa = PBXGroup;
			children = (
				5C4B392F240AD3D1004802B8 /* shared_preferences-Info.plist */,
				5C4B3930240AD3D1004802B8 /* shared_preferences-dummy.m */,
				5C4B3931240AD3D1004802B8 /* shared_preferences.xcconfig */,
				5C4B3932240AD3D1004802B8 /* shared_preferences-prefix.pch */,
				5C4B3933240AD3D1004802B8 /* shared_preferences.modulemap */,
				5C4B3934240AD3D1004802B8 /* shared_preferences-umbrella.h */,
			);
			path = shared_preferences;
			sourceTree = "<group>";
		};
		5C4B3935240AD3D1004802B8 /* shared_preferences_web */ = {
			isa = PBXGroup;
			children = (
				5C4B3936240AD3D1004802B8 /* shared_preferences_web.xcconfig */,
			);
			path = shared_preferences_web;
			sourceTree = "<group>";
		};
		5C4B3938240AD3D1004802B8 /* Local Podspecs */ = {
			isa = PBXGroup;
			children = (
				5C4B3939240AD3D1004802B8 /* shared_preferences_web.podspec.json */,
				5C4B393A240AD3D1004802B8 /* path_provider.podspec.json */,
				5C4B393B240AD3D1004802B8 /* shared_preferences_macos.podspec.json */,
				5C4B393C240AD3D1004802B8 /* sqflite.podspec.json */,
				5C4B393D240AD3D1004802B8 /* shared_preferences.podspec.json */,
				5C4B393E240AD3D1004802B8 /* Flutter.podspec.json */,
			);
			path = "Local Podspecs";
			sourceTree = "<group>";
		};
		5C4B393F240AD3D1004802B8 /* Headers */ = {
			isa = PBXGroup;
			children = (
			);
			path = Headers;
			sourceTree = "<group>";
		};
		5C4B3940240AD3D1004802B8 /* FMDB */ = {
			isa = PBXGroup;
			children = (
				5C4B3941240AD3D1004802B8 /* README.markdown */,
				5C4B3942240AD3D1004802B8 /* LICENSE.txt */,
				5C4B3943240AD3D1004802B8 /* src */,
			);
			path = FMDB;
			sourceTree = "<group>";
		};
		5C4B3943240AD3D1004802B8 /* src */ = {
			isa = PBXGroup;
			children = (
				5C4B3944240AD3D1004802B8 /* fmdb */,
			);
			path = src;
			sourceTree = "<group>";
		};
		5C4B3944240AD3D1004802B8 /* fmdb */ = {
			isa = PBXGroup;
			children = (
				5C4B3945240AD3D1004802B8 /* FMDatabase.h */,
				5C4B3946240AD3D1004802B8 /* FMDatabaseQueue.m */,
				5C4B3947240AD3D1004802B8 /* FMResultSet.h */,
				5C4B3948240AD3D1004802B8 /* FMDatabasePool.h */,
				5C4B3949240AD3D1004802B8 /* FMDatabaseAdditions.m */,
				5C4B394A240AD3D1004802B8 /* FMDatabase.m */,
				5C4B394B240AD3D1004802B8 /* FMDatabaseQueue.h */,
				5C4B394C240AD3D1004802B8 /* FMDB.h */,
				5C4B394D240AD3D1004802B8 /* FMDatabaseAdditions.h */,
				5C4B394E240AD3D1004802B8 /* FMDatabasePool.m */,
				5C4B394F240AD3D1004802B8 /* FMResultSet.m */,
			);
			path = fmdb;
			sourceTree = "<group>";
		};
		9740EEB11CF90186004384FC /* Flutter */ = {
			isa = PBXGroup;
			children = (
				3B80C3931E831B6300D905FE /* App.framework */,
				3B3967151E833CAA004F5970 /* AppFrameworkInfo.plist */,
				9740EEBA1CF902C7004384FC /* Flutter.framework */,
				9740EEB21CF90195004384FC /* Debug.xcconfig */,
				7AFA3C8E1D35360C0083082E /* Release.xcconfig */,
				9740EEB31CF90195004384FC /* Generated.xcconfig */,
			);
			name = Flutter;
			sourceTree = "<group>";
		};
		97C146E51CF9000F007C117D = {
			isa = PBXGroup;
			children = (
				5C5572EE240C21D8006266DA /* FMDB */,
				9740EEB11CF90186004384FC /* Flutter */,
				97C146F01CF9000F007C117D /* Runner */,
				97C146EF1CF9000F007C117D /* Products */,
				5C87517C240BFB0D005FC6CB /* Pods */,
				5C4B3962240AD3DB004802B8 /* Pods */,
				5C4B3905240AD3D1004802B8 /* Pods */,
				5C4B3903240AD3BA004802B8 /* Pods */,
				9ADD885027EA0BB66A2200EC /* Pods */,
				C069EF8DBA67F496A84A8B39 /* Frameworks */,
			);
			sourceTree = "<group>";
		};
		97C146EF1CF9000F007C117D /* Products */ = {
			isa = PBXGroup;
			children = (
				97C146EE1CF9000F007C117D /* Runner.app */,
			);
			name = Products;
			sourceTree = "<group>";
		};
		97C146F01CF9000F007C117D /* Runner */ = {
			isa = PBXGroup;
			children = (
				97C146FA1CF9000F007C117D /* Main.storyboard */,
				97C146FD1CF9000F007C117D /* Assets.xcassets */,
				97C146FF1CF9000F007C117D /* LaunchScreen.storyboard */,
				97C147021CF9000F007C117D /* Info.plist */,
				97C146F11CF9000F007C117D /* Supporting Files */,
				1498D2321E8E86230040F4C2 /* GeneratedPluginRegistrant.h */,
				1498D2331E8E89220040F4C2 /* GeneratedPluginRegistrant.m */,
				74858FAE1ED2DC5600515810 /* AppDelegate.swift */,
				74858FAD1ED2DC5600515810 /* Runner-Bridging-Header.h */,
			);
			path = Runner;
			sourceTree = "<group>";
		};
		97C146F11CF9000F007C117D /* Supporting Files */ = {
			isa = PBXGroup;
			children = (
			);
			name = "Supporting Files";
			sourceTree = "<group>";
		};
		9ADD885027EA0BB66A2200EC /* Pods */ = {
			isa = PBXGroup;
			children = (
				41559952BD62AA45A3A3A28E /* Pods-Runner.debug.xcconfig */,
				DFE464320E4C12F250F1D53E /* Pods-Runner.release.xcconfig */,
				00DCB1AA306B0171060F8C71 /* Pods-Runner.profile.xcconfig */,
			);
			path = Pods;
			sourceTree = "<group>";
		};
		C069EF8DBA67F496A84A8B39 /* Frameworks */ = {
			isa = PBXGroup;
			children = (
				40B9644A78EF2FCE78821788 /* Pods_Runner.framework */,
			);
			name = Frameworks;
			sourceTree = "<group>";
		};
/* End PBXGroup section */

/* Begin PBXNativeTarget section */
		97C146ED1CF9000F007C117D /* Runner */ = {
			isa = PBXNativeTarget;
			buildConfigurationList = 97C147051CF9000F007C117D /* Build configuration list for PBXNativeTarget "Runner" */;
			buildPhases = (
				9740EEB61CF901F6004384FC /* Run Script */,
				97C146EA1CF9000F007C117D /* Sources */,
				97C146EB1CF9000F007C117D /* Frameworks */,
				97C146EC1CF9000F007C117D /* Resources */,
				9705A1C41CF9048500538489 /* Embed Frameworks */,
				3B06AD1E1E4923F5004D2608 /* Thin Binary */,
				DB1BC4A80B0EBE3550E59954 /* [CP] Embed Pods Frameworks */,
				5C5572ED240C2157006266DA /* Copy Files */,
			);
			buildRules = (
			);
			dependencies = (
			);
			name = Runner;
			productName = Runner;
			productReference = 97C146EE1CF9000F007C117D /* Runner.app */;
			productType = "com.apple.product-type.application";
		};
/* End PBXNativeTarget section */

/* Begin PBXProject section */
		97C146E61CF9000F007C117D /* Project object */ = {
			isa = PBXProject;
			attributes = {
				LastUpgradeCheck = 1020;
				ORGANIZATIONNAME = "The Chromium Authors";
				TargetAttributes = {
					97C146ED1CF9000F007C117D = {
						CreatedOnToolsVersion = 7.3.1;
						DevelopmentTeam = U65Y85NSW5;
						LastSwiftMigration = 1100;
					};
				};
			};
			buildConfigurationList = 97C146E91CF9000F007C117D /* Build configuration list for PBXProject "Runner" */;
			compatibilityVersion = "Xcode 3.2";
			developmentRegion = en;
			hasScannedForEncodings = 0;
			knownRegions = (
				en,
				Base,
			);
			mainGroup = 97C146E51CF9000F007C117D;
			productRefGroup = 97C146EF1CF9000F007C117D /* Products */;
			projectDirPath = "";
			projectReferences = (
				{
					ProductGroup = 5C4B3907240AD3D1004802B8 /* Products */;
					ProjectRef = 5C4B3906240AD3D1004802B8 /* Pods.xcodeproj */;
				},
			);
			projectRoot = "";
			targets = (
				97C146ED1CF9000F007C117D /* Runner */,
			);
		};
/* End PBXProject section */

/* Begin PBXReferenceProxy section */
		5C4B3959240AD3D1004802B8 /* FMDB.framework */ = {
			isa = PBXReferenceProxy;
			fileType = wrapper.framework;
			path = FMDB.framework;
			remoteRef = 5C4B3958240AD3D1004802B8 /* PBXContainerItemProxy */;
			sourceTree = BUILT_PRODUCTS_DIR;
		};
		5C4B395B240AD3D1004802B8 /* path_provider.framework */ = {
			isa = PBXReferenceProxy;
			fileType = wrapper.framework;
			path = path_provider.framework;
			remoteRef = 5C4B395A240AD3D1004802B8 /* PBXContainerItemProxy */;
			sourceTree = BUILT_PRODUCTS_DIR;
		};
		5C4B395D240AD3D1004802B8 /* Pods_Runner.framework */ = {
			isa = PBXReferenceProxy;
			fileType = wrapper.framework;
			path = Pods_Runner.framework;
			remoteRef = 5C4B395C240AD3D1004802B8 /* PBXContainerItemProxy */;
			sourceTree = BUILT_PRODUCTS_DIR;
		};
		5C4B395F240AD3D1004802B8 /* shared_preferences.framework */ = {
			isa = PBXReferenceProxy;
			fileType = wrapper.framework;
			path = shared_preferences.framework;
			remoteRef = 5C4B395E240AD3D1004802B8 /* PBXContainerItemProxy */;
			sourceTree = BUILT_PRODUCTS_DIR;
		};
		5C4B3961240AD3D1004802B8 /* sqflite.framework */ = {
			isa = PBXReferenceProxy;
			fileType = wrapper.framework;
			path = sqflite.framework;
			remoteRef = 5C4B3960240AD3D1004802B8 /* PBXContainerItemProxy */;
			sourceTree = BUILT_PRODUCTS_DIR;
		};
/* End PBXReferenceProxy section */

/* Begin PBXResourcesBuildPhase section */
		97C146EC1CF9000F007C117D /* Resources */ = {
			isa = PBXResourcesBuildPhase;
			buildActionMask = 2147483647;
			files = (
				97C147011CF9000F007C117D /* LaunchScreen.storyboard in Resources */,
				3B3967161E833CAA004F5970 /* AppFrameworkInfo.plist in Resources */,
				97C146FE1CF9000F007C117D /* Assets.xcassets in Resources */,
				97C146FC1CF9000F007C117D /* Main.storyboard in Resources */,
			);
			runOnlyForDeploymentPostprocessing = 0;
		};
/* End PBXResourcesBuildPhase section */

/* Begin PBXShellScriptBuildPhase section */
		3B06AD1E1E4923F5004D2608 /* Thin Binary */ = {
			isa = PBXShellScriptBuildPhase;
			buildActionMask = 2147483647;
			files = (
			);
			inputPaths = (
			);
			name = "Thin Binary";
			outputPaths = (
			);
			runOnlyForDeploymentPostprocessing = 0;
			shellPath = /bin/sh;
			shellScript = "/bin/sh \"$FLUTTER_ROOT/packages/flutter_tools/bin/xcode_backend.sh\" thin";
		};
		9740EEB61CF901F6004384FC /* Run Script */ = {
			isa = PBXShellScriptBuildPhase;
			buildActionMask = 2147483647;
			files = (
			);
			inputPaths = (
			);
			name = "Run Script";
			outputPaths = (
			);
			runOnlyForDeploymentPostprocessing = 0;
			shellPath = /bin/sh;
			shellScript = "/bin/sh \"$FLUTTER_ROOT/packages/flutter_tools/bin/xcode_backend.sh\" build";
		};
		DB1BC4A80B0EBE3550E59954 /* [CP] Embed Pods Frameworks */ = {
			isa = PBXShellScriptBuildPhase;
			buildActionMask = 2147483647;
			files = (
			);
			inputPaths = (
			);
			name = "[CP] Embed Pods Frameworks";
			outputPaths = (
			);
			runOnlyForDeploymentPostprocessing = 0;
			shellPath = /bin/sh;
			shellScript = "\"${PODS_ROOT}/Target Support Files/Pods-Runner/Pods-Runner-frameworks.sh\"\n";
			showEnvVarsInLog = 0;
		};
/* End PBXShellScriptBuildPhase section */

/* Begin PBXSourcesBuildPhase section */
		97C146EA1CF9000F007C117D /* Sources */ = {
			isa = PBXSourcesBuildPhase;
			buildActionMask = 2147483647;
			files = (
				74858FAF1ED2DC5600515810 /* AppDelegate.swift in Sources */,
				1498D2341E8E89220040F4C2 /* GeneratedPluginRegistrant.m in Sources */,
			);
			runOnlyForDeploymentPostprocessing = 0;
		};
/* End PBXSourcesBuildPhase section */

/* Begin PBXVariantGroup section */
		97C146FA1CF9000F007C117D /* Main.storyboard */ = {
			isa = PBXVariantGroup;
			children = (
				97C146FB1CF9000F007C117D /* Base */,
			);
			name = Main.storyboard;
			sourceTree = "<group>";
		};
		97C146FF1CF9000F007C117D /* LaunchScreen.storyboard */ = {
			isa = PBXVariantGroup;
			children = (
				97C147001CF9000F007C117D /* Base */,
			);
			name = LaunchScreen.storyboard;
			sourceTree = "<group>";
		};
/* End PBXVariantGroup section */

/* Begin XCBuildConfiguration section */
		249021D3217E4FDB00AE95B9 /* Profile */ = {
			isa = XCBuildConfiguration;
			baseConfigurationReference = 7AFA3C8E1D35360C0083082E /* Release.xcconfig */;
			buildSettings = {
				ALWAYS_SEARCH_USER_PATHS = NO;
				CLANG_ANALYZER_NONNULL = YES;
				CLANG_CXX_LANGUAGE_STANDARD = "gnu++0x";
				CLANG_CXX_LIBRARY = "libc++";
				CLANG_ENABLE_MODULES = YES;
				CLANG_ENABLE_OBJC_ARC = YES;
				CLANG_WARN_BLOCK_CAPTURE_AUTORELEASING = YES;
				CLANG_WARN_BOOL_CONVERSION = YES;
				CLANG_WARN_COMMA = YES;
				CLANG_WARN_CONSTANT_CONVERSION = YES;
				CLANG_WARN_DEPRECATED_OBJC_IMPLEMENTATIONS = YES;
				CLANG_WARN_DIRECT_OBJC_ISA_USAGE = YES_ERROR;
				CLANG_WARN_EMPTY_BODY = YES;
				CLANG_WARN_ENUM_CONVERSION = YES;
				CLANG_WARN_INFINITE_RECURSION = YES;
				CLANG_WARN_INT_CONVERSION = YES;
				CLANG_WARN_NON_LITERAL_NULL_CONVERSION = YES;
				CLANG_WARN_OBJC_IMPLICIT_RETAIN_SELF = YES;
				CLANG_WARN_OBJC_LITERAL_CONVERSION = YES;
				CLANG_WARN_OBJC_ROOT_CLASS = YES_ERROR;
				CLANG_WARN_RANGE_LOOP_ANALYSIS = YES;
				CLANG_WARN_STRICT_PROTOTYPES = YES;
				CLANG_WARN_SUSPICIOUS_MOVE = YES;
				CLANG_WARN_UNREACHABLE_CODE = YES;
				CLANG_WARN__DUPLICATE_METHOD_MATCH = YES;
				"CODE_SIGN_IDENTITY[sdk=iphoneos*]" = "iPhone Developer";
				COPY_PHASE_STRIP = NO;
				DEBUG_INFORMATION_FORMAT = "dwarf-with-dsym";
				ENABLE_NS_ASSERTIONS = NO;
				ENABLE_STRICT_OBJC_MSGSEND = YES;
				GCC_C_LANGUAGE_STANDARD = gnu99;
				GCC_NO_COMMON_BLOCKS = YES;
				GCC_WARN_64_TO_32_BIT_CONVERSION = YES;
				GCC_WARN_ABOUT_RETURN_TYPE = YES_ERROR;
				GCC_WARN_UNDECLARED_SELECTOR = YES;
				GCC_WARN_UNINITIALIZED_AUTOS = YES_AGGRESSIVE;
				GCC_WARN_UNUSED_FUNCTION = YES;
				GCC_WARN_UNUSED_VARIABLE = YES;
				IPHONEOS_DEPLOYMENT_TARGET = 8.0;
				MACH_O_TYPE = mh_bundle;
				MTL_ENABLE_DEBUG_INFO = NO;
				SDKROOT = iphoneos;
				SUPPORTED_PLATFORMS = iphoneos;
				TARGETED_DEVICE_FAMILY = "1,2";
				VALIDATE_PRODUCT = YES;
			};
			name = Profile;
		};
		249021D4217E4FDB00AE95B9 /* Profile */ = {
			isa = XCBuildConfiguration;
			baseConfigurationReference = 7AFA3C8E1D35360C0083082E /* Release.xcconfig */;
			buildSettings = {
				ASSETCATALOG_COMPILER_APPICON_NAME = AppIcon;
				CLANG_ENABLE_MODULES = YES;
				CURRENT_PROJECT_VERSION = "$(FLUTTER_BUILD_NUMBER)";
				DEVELOPMENT_TEAM = U65Y85NSW5;
				ENABLE_BITCODE = NO;
				FRAMEWORK_SEARCH_PATHS = (
					"$(inherited)",
					"$(PROJECT_DIR)/Flutter",
				);
				INFOPLIST_FILE = Runner/Info.plist;
				LD_RUNPATH_SEARCH_PATHS = "$(inherited) @executable_path/Frameworks";
				LIBRARY_SEARCH_PATHS = (
					"$(inherited)",
					"$(PROJECT_DIR)/Flutter",
				);
				MACH_O_TYPE = mh_execute;
				PRODUCT_BUNDLE_IDENTIFIER = com.yeaile.prayerImes;
				PRODUCT_NAME = "$(TARGET_NAME)";
				SWIFT_OBJC_BRIDGING_HEADER = "Runner/Runner-Bridging-Header.h";
				SWIFT_VERSION = 5.0;
				VERSIONING_SYSTEM = "apple-generic";
			};
			name = Profile;
		};
		97C147031CF9000F007C117D /* Debug */ = {
			isa = XCBuildConfiguration;
			baseConfigurationReference = 9740EEB21CF90195004384FC /* Debug.xcconfig */;
			buildSettings = {
				ALWAYS_SEARCH_USER_PATHS = NO;
				CLANG_ANALYZER_NONNULL = YES;
				CLANG_CXX_LANGUAGE_STANDARD = "gnu++0x";
				CLANG_CXX_LIBRARY = "libc++";
				CLANG_ENABLE_MODULES = YES;
				CLANG_ENABLE_OBJC_ARC = YES;
				CLANG_WARN_BLOCK_CAPTURE_AUTORELEASING = YES;
				CLANG_WARN_BOOL_CONVERSION = YES;
				CLANG_WARN_COMMA = YES;
				CLANG_WARN_CONSTANT_CONVERSION = YES;
				CLANG_WARN_DEPRECATED_OBJC_IMPLEMENTATIONS = YES;
				CLANG_WARN_DIRECT_OBJC_ISA_USAGE = YES_ERROR;
				CLANG_WARN_EMPTY_BODY = YES;
				CLANG_WARN_ENUM_CONVERSION = YES;
				CLANG_WARN_INFINITE_RECURSION = YES;
				CLANG_WARN_INT_CONVERSION = YES;
				CLANG_WARN_NON_LITERAL_NULL_CONVERSION = YES;
				CLANG_WARN_OBJC_IMPLICIT_RETAIN_SELF = YES;
				CLANG_WARN_OBJC_LITERAL_CONVERSION = YES;
				CLANG_WARN_OBJC_ROOT_CLASS = YES_ERROR;
				CLANG_WARN_RANGE_LOOP_ANALYSIS = YES;
				CLANG_WARN_STRICT_PROTOTYPES = YES;
				CLANG_WARN_SUSPICIOUS_MOVE = YES;
				CLANG_WARN_UNREACHABLE_CODE = YES;
				CLANG_WARN__DUPLICATE_METHOD_MATCH = YES;
				"CODE_SIGN_IDENTITY[sdk=iphoneos*]" = "iPhone Developer";
				COPY_PHASE_STRIP = NO;
				DEBUG_INFORMATION_FORMAT = dwarf;
				ENABLE_STRICT_OBJC_MSGSEND = YES;
				ENABLE_TESTABILITY = YES;
				GCC_C_LANGUAGE_STANDARD = gnu99;
				GCC_DYNAMIC_NO_PIC = NO;
				GCC_NO_COMMON_BLOCKS = YES;
				GCC_OPTIMIZATION_LEVEL = 0;
				GCC_PREPROCESSOR_DEFINITIONS = (
					"DEBUG=1",
					"$(inherited)",
				);
				GCC_WARN_64_TO_32_BIT_CONVERSION = YES;
				GCC_WARN_ABOUT_RETURN_TYPE = YES_ERROR;
				GCC_WARN_UNDECLARED_SELECTOR = YES;
				GCC_WARN_UNINITIALIZED_AUTOS = YES_AGGRESSIVE;
				GCC_WARN_UNUSED_FUNCTION = YES;
				GCC_WARN_UNUSED_VARIABLE = YES;
				IPHONEOS_DEPLOYMENT_TARGET = 8.0;
				MACH_O_TYPE = mh_bundle;
				MTL_ENABLE_DEBUG_INFO = YES;
				ONLY_ACTIVE_ARCH = YES;
				SDKROOT = iphoneos;
				TARGETED_DEVICE_FAMILY = "1,2";
			};
			name = Debug;
		};
		97C147041CF9000F007C117D /* Release */ = {
			isa = XCBuildConfiguration;
			baseConfigurationReference = 7AFA3C8E1D35360C0083082E /* Release.xcconfig */;
			buildSettings = {
				ALWAYS_SEARCH_USER_PATHS = NO;
				CLANG_ANALYZER_NONNULL = YES;
				CLANG_CXX_LANGUAGE_STANDARD = "gnu++0x";
				CLANG_CXX_LIBRARY = "libc++";
				CLANG_ENABLE_MODULES = YES;
				CLANG_ENABLE_OBJC_ARC = YES;
				CLANG_WARN_BLOCK_CAPTURE_AUTORELEASING = YES;
				CLANG_WARN_BOOL_CONVERSION = YES;
				CLANG_WARN_COMMA = YES;
				CLANG_WARN_CONSTANT_CONVERSION = YES;
				CLANG_WARN_DEPRECATED_OBJC_IMPLEMENTATIONS = YES;
				CLANG_WARN_DIRECT_OBJC_ISA_USAGE = YES_ERROR;
				CLANG_WARN_EMPTY_BODY = YES;
				CLANG_WARN_ENUM_CONVERSION = YES;
				CLANG_WARN_INFINITE_RECURSION = YES;
				CLANG_WARN_INT_CONVERSION = YES;
				CLANG_WARN_NON_LITERAL_NULL_CONVERSION = YES;
				CLANG_WARN_OBJC_IMPLICIT_RETAIN_SELF = YES;
				CLANG_WARN_OBJC_LITERAL_CONVERSION = YES;
				CLANG_WARN_OBJC_ROOT_CLASS = YES_ERROR;
				CLANG_WARN_RANGE_LOOP_ANALYSIS = YES;
				CLANG_WARN_STRICT_PROTOTYPES = YES;
				CLANG_WARN_SUSPICIOUS_MOVE = YES;
				CLANG_WARN_UNREACHABLE_CODE = YES;
				CLANG_WARN__DUPLICATE_METHOD_MATCH = YES;
				"CODE_SIGN_IDENTITY[sdk=iphoneos*]" = "iPhone Developer";
				COPY_PHASE_STRIP = NO;
				DEBUG_INFORMATION_FORMAT = "dwarf-with-dsym";
				ENABLE_NS_ASSERTIONS = NO;
				ENABLE_STRICT_OBJC_MSGSEND = YES;
				GCC_C_LANGUAGE_STANDARD = gnu99;
				GCC_NO_COMMON_BLOCKS = YES;
				GCC_WARN_64_TO_32_BIT_CONVERSION = YES;
				GCC_WARN_ABOUT_RETURN_TYPE = YES_ERROR;
				GCC_WARN_UNDECLARED_SELECTOR = YES;
				GCC_WARN_UNINITIALIZED_AUTOS = YES_AGGRESSIVE;
				GCC_WARN_UNUSED_FUNCTION = YES;
				GCC_WARN_UNUSED_VARIABLE = YES;
				IPHONEOS_DEPLOYMENT_TARGET = 8.0;
				MACH_O_TYPE = mh_bundle;
				MTL_ENABLE_DEBUG_INFO = NO;
				SDKROOT = iphoneos;
				SUPPORTED_PLATFORMS = iphoneos;
				SWIFT_OPTIMIZATION_LEVEL = "-Owholemodule";
				TARGETED_DEVICE_FAMILY = "1,2";
				VALIDATE_PRODUCT = YES;
			};
			name = Release;
		};
		97C147061CF9000F007C117D /* Debug */ = {
			isa = XCBuildConfiguration;
			baseConfigurationReference = 9740EEB21CF90195004384FC /* Debug.xcconfig */;
			buildSettings = {
				ASSETCATALOG_COMPILER_APPICON_NAME = AppIcon;
				CLANG_ENABLE_MODULES = YES;
				CURRENT_PROJECT_VERSION = "$(FLUTTER_BUILD_NUMBER)";
				DEVELOPMENT_TEAM = U65Y85NSW5;
				ENABLE_BITCODE = NO;
				FRAMEWORK_SEARCH_PATHS = (
					"$(inherited)",
					"$(PROJECT_DIR)/Flutter",
				);
				INFOPLIST_FILE = Runner/Info.plist;
				LD_RUNPATH_SEARCH_PATHS = "$(inherited) @executable_path/Frameworks";
				LIBRARY_SEARCH_PATHS = (
					"$(inherited)",
					"$(PROJECT_DIR)/Flutter",
				);
				MACH_O_TYPE = mh_execute;
				PRODUCT_BUNDLE_IDENTIFIER = com.yeaile.prayerImes;
				PRODUCT_NAME = "$(TARGET_NAME)";
				SWIFT_OBJC_BRIDGING_HEADER = "Runner/Runner-Bridging-Header.h";
				SWIFT_OPTIMIZATION_LEVEL = "-Onone";
				SWIFT_VERSION = 5.0;
				VERSIONING_SYSTEM = "apple-generic";
			};
			name = Debug;
		};
		97C147071CF9000F007C117D /* Release */ = {
			isa = XCBuildConfiguration;
			baseConfigurationReference = 7AFA3C8E1D35360C0083082E /* Release.xcconfig */;
			buildSettings = {
				ASSETCATALOG_COMPILER_APPICON_NAME = AppIcon;
				CLANG_ENABLE_MODULES = YES;
				CURRENT_PROJECT_VERSION = "$(FLUTTER_BUILD_NUMBER)";
				DEVELOPMENT_TEAM = U65Y85NSW5;
				ENABLE_BITCODE = NO;
				FRAMEWORK_SEARCH_PATHS = (
					"$(inherited)",
					"$(PROJECT_DIR)/Flutter",
				);
				INFOPLIST_FILE = Runner/Info.plist;
				LD_RUNPATH_SEARCH_PATHS = "$(inherited) @executable_path/Frameworks";
				LIBRARY_SEARCH_PATHS = (
					"$(inherited)",
					"$(PROJECT_DIR)/Flutter",
				);
				MACH_O_TYPE = mh_execute;
				PRODUCT_BUNDLE_IDENTIFIER = com.yeaile.prayerImes;
				PRODUCT_NAME = "$(TARGET_NAME)";
				SWIFT_OBJC_BRIDGING_HEADER = "Runner/Runner-Bridging-Header.h";
				SWIFT_VERSION = 5.0;
				VERSIONING_SYSTEM = "apple-generic";
			};
			name = Release;
		};
/* End XCBuildConfiguration section */

/* Begin XCConfigurationList section */
		97C146E91CF9000F007C117D /* Build configuration list for PBXProject "Runner" */ = {
			isa = XCConfigurationList;
			buildConfigurations = (
				97C147031CF9000F007C117D /* Debug */,
				97C147041CF9000F007C117D /* Release */,
				249021D3217E4FDB00AE95B9 /* Profile */,
			);
			defaultConfigurationIsVisible = 0;
			defaultConfigurationName = Release;
		};
		97C147051CF9000F007C117D /* Build configuration list for PBXNativeTarget "Runner" */ = {
			isa = XCConfigurationList;
			buildConfigurations = (
				97C147061CF9000F007C117D /* Debug */,
				97C147071CF9000F007C117D /* Release */,
				249021D4217E4FDB00AE95B9 /* Profile */,
			);
			defaultConfigurationIsVisible = 0;
			defaultConfigurationName = Release;
		};
/* End XCConfigurationList section */
	};
	rootObject = 97C146E61CF9000F007C117D /* Project object */;
}
